
Microsoft Visual Studio Solution File, Format Version 12.00
# Visual Studio Version 16
VisualStudioVersion = 16.0.31112.23
MinimumVisualStudioVersion = 10.0.40219.1
Project("{FAE04EC0-301F-11D3-BF4B-00C04F79EFBC}") = "CuaHangDoChoi", "CuaHangDoChoi\CuaHangDoChoi.csproj", "{78A46328-2382-4820-9FA0-20C5F1B38F9C}"
EndProject
Global
	GlobalSection(SolutionConfigurationPlatforms) = preSolution
		Debug|Any CPU = Debug|Any CPU
		Release|Any CPU = Release|Any CPU
	EndGlobalSection
	GlobalSection(ProjectConfigurationPlatforms) = postSolution
		{78A46328-2382-4820-9FA0-20C5F1B38F9C}.Debug|Any CPU.ActiveCfg = Debug|Any CPU
		{78A46328-2382-4820-9FA0-20C5F1B38F9C}.Debug|Any CPU.Build.0 = Debug|Any CPU
		{78A46328-2382-4820-9FA0-20C5F1B38F9C}.Release|Any CPU.ActiveCfg = Release|Any CPU
		{78A46328-2382-4820-9FA0-20C5F1B38F9C}.Release|Any CPU.Build.0 = Release|Any CPU
	EndGlobalSection
	GlobalSection(SolutionProperties) = preSolution
		HideSolutionNode = FALSE
	EndGlobalSection
	GlobalSection(ExtensibilityGlobals) = postSolution
		SolutionGuid = {40150712-6944-461A-B1F1-781AD7A26898}
	EndGlobalSection
EndGlobal
